Microsoft Visual Studio Solution File, Format Version 12.00
# Visual Studio Version 17
VisualStudioVersion = 17.5.2.0
MinimumVisualStudioVersion = 10.0.40219.1
Project("{FAE04EC0-301F-11D3-BF4B-00C04F79EFBC}") = "fileuploadweb", "fileuploadweb.csproj", "{92B1462B-C7F6-478A-0F4C-72BCBA8FCCB0}"
EndProject
Global
	GlobalSection(SolutionConfigurationPlatforms) = preSolution
		Debug|Any CPU = Debug|Any CPU
		Release|Any CPU = Release|Any CPU
	EndGlobalSection
	GlobalSection(ProjectConfigurationPlatforms) = postSolution
		{92B1462B-C7F6-478A-0F4C-72BCBA8FCCB0}.Debug|Any CPU.ActiveCfg = Debug|Any CPU
		{92B1462B-C7F6-478A-0F4C-72BCBA8FCCB0}.Debug|Any CPU.Build.0 = Debug|Any CPU
		{92B1462B-C7F6-478A-0F4C-72BCBA8FCCB0}.Release|Any CPU.ActiveCfg = Release|Any CPU
		{92B1462B-C7F6-478A-0F4C-72BCBA8FCCB0}.Release|Any CPU.Build.0 = Release|Any CPU
	EndGlobalSection
	GlobalSection(SolutionProperties) = preSolution
		HideSolutionNode = FALSE
	EndGlobalSection
	GlobalSection(ExtensibilityGlobals) = postSolution
		SolutionGuid = {BD5FA7BB-C3CE-4445-B527-F2B65201C420}
	EndGlobalSection
EndGlobal
